
Microsoft Visual Studio Solution File, Format Version 12.00
# Visual Studio Version 17
VisualStudioVersion = 17.5.002.0
MinimumVisualStudioVersion = 10.0.40219.1
Project("{2150E333-8FDC-42A3-9474-1A3956D46DE8}") = "Back", "Back", "{CFEB6043-B7B2-4AA1-A4EF-F8085F05B295}"
EndProject
Project("{2150E333-8FDC-42A3-9474-1A3956D46DE8}") = "src", "src", "{B1915196-8A93-48EE-A62A-4FC18EF1D6F4}"
EndProject
Project("{9A19103F-16F7-4668-BE54-9A1E7A4F7556}") = "ProEventos.API", "Back\src\ProEventos.API\ProEventos.API.csproj", "{35E4AE37-D30E-405F-9048-79A0E4555562}"
EndProject
Global
	GlobalSection(SolutionConfigurationPlatforms) = preSolution
		Debug|Any CPU = Debug|Any CPU
		Release|Any CPU = Release|Any CPU
	EndGlobalSection
	GlobalSection(ProjectConfigurationPlatforms) = postSolution
		{35E4AE37-D30E-405F-9048-79A0E4555562}.Debug|Any CPU.ActiveCfg = Debug|Any CPU
		{35E4AE37-D30E-405F-9048-79A0E4555562}.Debug|Any CPU.Build.0 = Debug|Any CPU
		{35E4AE37-D30E-405F-9048-79A0E4555562}.Release|Any CPU.ActiveCfg = Release|Any CPU
		{35E4AE37-D30E-405F-9048-79A0E4555562}.Release|Any CPU.Build.0 = Release|Any CPU
	EndGlobalSection
	GlobalSection(SolutionProperties) = preSolution
		HideSolutionNode = FALSE
	EndGlobalSection
	GlobalSection(NestedProjects) = preSolution
		{B1915196-8A93-48EE-A62A-4FC18EF1D6F4} = {CFEB6043-B7B2-4AA1-A4EF-F8085F05B295}
		{35E4AE37-D30E-405F-9048-79A0E4555562} = {B1915196-8A93-48EE-A62A-4FC18EF1D6F4}
	EndGlobalSection
	GlobalSection(ExtensibilityGlobals) = postSolution
		SolutionGuid = {04D387E8-E64D-4799-9BC1-2C1DE31364BA}
	EndGlobalSection
EndGlobal
